
Microsoft Visual Studio Solution File, Format Version 12.00
# Visual Studio Version 17
VisualStudioVersion = 17.5.002.0
MinimumVisualStudioVersion = 10.0.40219.1
Project("{9A19103F-16F7-4668-BE54-9A1E7A4F7556}") = "BlazorApp", "BlazorApp.csproj", "{EE3044C4-E21A-46A7-88E1-33797E06D9EE}"
EndProject
Global
	GlobalSection(SolutionConfigurationPlatforms) = preSolution
		Debug|Any CPU = Debug|Any CPU
		Release|Any CPU = Release|Any CPU
	EndGlobalSection
	GlobalSection(ProjectConfigurationPlatforms) = postSolution
		{EE3044C4-E21A-46A7-88E1-33797E06D9EE}.Debug|Any CPU.ActiveCfg = Debug|Any CPU
		{EE3044C4-E21A-46A7-88E1-33797E06D9EE}.Debug|Any CPU.Build.0 = Debug|Any CPU
		{EE3044C4-E21A-46A7-88E1-33797E06D9EE}.Release|Any CPU.ActiveCfg = Release|Any CPU
		{EE3044C4-E21A-46A7-88E1-33797E06D9EE}.Release|Any CPU.Build.0 = Release|Any CPU
	EndGlobalSection
	GlobalSection(SolutionProperties) = preSolution
		HideSolutionNode = FALSE
	EndGlobalSection
	GlobalSection(ExtensibilityGlobals) = postSolution
		SolutionGuid = {4C96D9FB-F324-4FFF-AE43-94AB3B7474F0}
	EndGlobalSection
EndGlobal
